<Solution>
  <Folder Name="/Application/" />
  <Folder Name="/Domain/">
    <Project Path="../CleanArch.Domain/CleanArch.Domain.csproj" Id="9a1300d6-ced1-4083-b5f2-013cdff76f85" />
  </Folder>
  <Folder Name="/Infra.Data/" />
  <Folder Name="/Infra.IoC/" />
  <Folder Name="/Presentation/">
    <Project Path="CleanArch.Mvc.csproj" />
  </Folder>
</Solution>
