<Solution>
  <Folder Name="/Api/" />
  <Folder Name="/Application/">
    <Project Path="../CleanArch.Application/CleanArch.Application.csproj" Id="8b756ccd-76ca-4037-a6db-4ca4657c4a48" />
  </Folder>
  <Folder Name="/Domain/">
    <Project Path="../CleanArch.Domain.Core/CleanArch.Domain.Core.csproj" Id="a6786fa4-b2ac-44a9-9be0-3a83f6a5b4c2" />
    <Project Path="../CleanArch.Domain/CleanArch.Domain.csproj" Id="9a1300d6-ced1-4083-b5f2-013cdff76f85" />
  </Folder>
  <Folder Name="/Infra.Bus/">
    <Project Path="../CleanArch.Infra.Bus/CleanArch.Infra.Bus.csproj" Id="05c7dd2a-9a91-4a6b-b328-23394836abe9" />
  </Folder>
  <Folder Name="/Infra.Data/">
    <Project Path="../CleanArch.Infra.Data/CleanArch.Infra.Data.csproj" Id="ffe3e2a8-843b-48bc-949d-1b3377bac315" />
  </Folder>
  <Folder Name="/Infra.IoC/">
    <Project Path="../CleanArch.Infra.IoC/CleanArch.Infra.IoC.csproj" Id="46194b36-c7fa-4b29-966b-6d42a6f794ff" />
  </Folder>
  <Folder Name="/Presentation/">
    <Project Path="CleanArch.Mvc.csproj" />
  </Folder>
</Solution>
