<Solution>
  <Folder Name="/Application/">
    <Project Path="../CleanArch.Application/CleanArch.Application.csproj" Id="8b756ccd-76ca-4037-a6db-4ca4657c4a48" />
  </Folder>
  <Folder Name="/Domain/">
    <Project Path="../CleanArch.Domain/CleanArch.Domain.csproj" Id="9a1300d6-ced1-4083-b5f2-013cdff76f85" />
  </Folder>
  <Folder Name="/Infra.Data/">
    <Project Path="../CleanArch.Infra.Data/CleanArch.Infra.Data.csproj" Id="ffe3e2a8-843b-48bc-949d-1b3377bac315" />
  </Folder>
  <Folder Name="/Infra.IoC/">
    <Project Path="../CleanArch.Infra.IoC/CleanArch.Infra.IoC.csproj" Id="46194b36-c7fa-4b29-966b-6d42a6f794ff" />
  </Folder>
  <Folder Name="/Presentation/">
    <Project Path="CleanArch.Mvc.csproj" />
  </Folder>
</Solution>
